
Microsoft Visual Studio Solution File, Format Version 12.00
# Visual Studio Version 17
VisualStudioVersion = 17.6.33829.357
MinimumVisualStudioVersion = 10.0.40219.1
Project("{FAE04EC0-301F-11D3-BF4B-00C04F79EFBC}") = "APIs_Trainee", "APIs_Trainee\APIs_Trainee.csproj", "{FA80C202-8548-443E-8296-85E4B0F551DB}"
EndProject
Global
	GlobalSection(SolutionConfigurationPlatforms) = preSolution
		Debug|Any CPU = Debug|Any CPU
		Release|Any CPU = Release|Any CPU
	EndGlobalSection
	GlobalSection(ProjectConfigurationPlatforms) = postSolution
		{FA80C202-8548-443E-8296-85E4B0F551DB}.Debug|Any CPU.ActiveCfg = Debug|Any CPU
		{FA80C202-8548-443E-8296-85E4B0F551DB}.Debug|Any CPU.Build.0 = Debug|Any CPU
		{FA80C202-8548-443E-8296-85E4B0F551DB}.Release|Any CPU.ActiveCfg = Release|Any CPU
		{FA80C202-8548-443E-8296-85E4B0F551DB}.Release|Any CPU.Build.0 = Release|Any CPU
	EndGlobalSection
	GlobalSection(SolutionProperties) = preSolution
		HideSolutionNode = FALSE
	EndGlobalSection
	GlobalSection(ExtensibilityGlobals) = postSolution
		SolutionGuid = {BAC164DC-0780-4F9E-8B16-EEF34657185B}
	EndGlobalSection
EndGlobal
